
Microsoft Visual Studio Solution File, Format Version 12.00
# Visual Studio Version 16
VisualStudioVersion = 16.0.29728.190
MinimumVisualStudioVersion = 10.0.40219.1
Project("{9A19103F-16F7-4668-BE54-9A1E7A4F7556}") = "LetsEnd.Server", "LetsEnd\Server\LetsEnd.Server.csproj", "{7175CE0D-8773-4E30-88C9-1DDD99E011DF}"
EndProject
Project("{9A19103F-16F7-4668-BE54-9A1E7A4F7556}") = "LetsEnd.Client", "LetsEnd\Client\LetsEnd.Client.csproj", "{5746B260-A234-459B-A8F4-73B65B2CBEDB}"
EndProject
Project("{9A19103F-16F7-4668-BE54-9A1E7A4F7556}") = "LetsEnd.Shared", "LetsEnd\Shared\LetsEnd.Shared.csproj", "{84BD9FF8-CDA6-4CE2-9BA5-130F069D7C26}"
EndProject
Global
	GlobalSection(SolutionConfigurationPlatforms) = preSolution
		Debug|Any CPU = Debug|Any CPU
		Release|Any CPU = Release|Any CPU
	EndGlobalSection
	GlobalSection(ProjectConfigurationPlatforms) = postSolution
		{7175CE0D-8773-4E30-88C9-1DDD99E011DF}.Debug|Any CPU.ActiveCfg = Debug|Any CPU
		{7175CE0D-8773-4E30-88C9-1DDD99E011DF}.Debug|Any CPU.Build.0 = Debug|Any CPU
		{7175CE0D-8773-4E30-88C9-1DDD99E011DF}.Release|Any CPU.ActiveCfg = Release|Any CPU
		{7175CE0D-8773-4E30-88C9-1DDD99E011DF}.Release|Any CPU.Build.0 = Release|Any CPU
		{5746B260-A234-459B-A8F4-73B65B2CBEDB}.Debug|Any CPU.ActiveCfg = Debug|Any CPU
		{5746B260-A234-459B-A8F4-73B65B2CBEDB}.Debug|Any CPU.Build.0 = Debug|Any CPU
		{5746B260-A234-459B-A8F4-73B65B2CBEDB}.Release|Any CPU.ActiveCfg = Release|Any CPU
		{5746B260-A234-459B-A8F4-73B65B2CBEDB}.Release|Any CPU.Build.0 = Release|Any CPU
		{84BD9FF8-CDA6-4CE2-9BA5-130F069D7C26}.Debug|Any CPU.ActiveCfg = Debug|Any CPU
		{84BD9FF8-CDA6-4CE2-9BA5-130F069D7C26}.Debug|Any CPU.Build.0 = Debug|Any CPU
		{84BD9FF8-CDA6-4CE2-9BA5-130F069D7C26}.Release|Any CPU.ActiveCfg = Release|Any CPU
		{84BD9FF8-CDA6-4CE2-9BA5-130F069D7C26}.Release|Any CPU.Build.0 = Release|Any CPU
	EndGlobalSection
	GlobalSection(SolutionProperties) = preSolution
		HideSolutionNode = FALSE
	EndGlobalSection
	GlobalSection(ExtensibilityGlobals) = postSolution
		SolutionGuid = {247C9ACA-A380-405B-95D4-DE03BABA34BF}
	EndGlobalSection
EndGlobal
